
Microsoft Visual Studio Solution File, Format Version 12.00
# Visual Studio 15
VisualStudioVersion = 15.0.26124.0
MinimumVisualStudioVersion = 15.0.26124.0
Project("{FAE04EC0-301F-11D3-BF4B-00C04F79EFBC}") = "bankocr", "bankocr\bankocr.csproj", "{ACD198D5-0485-4D42-ADCD-C5E03B12819C}"
EndProject
Project("{FAE04EC0-301F-11D3-BF4B-00C04F79EFBC}") = "bankocr.test", "bankocr.test\bankocr.test.csproj", "{96B1D076-403F-47B8-B429-C4EB5844CB68}"
EndProject
Project("{FAE04EC0-301F-11D3-BF4B-00C04F79EFBC}") = "bankocr.service", "bankocr.service\bankocr.service.csproj", "{FD0CC6E4-1F3C-4C4A-905C-4084031FD72C}"
EndProject
Global
	GlobalSection(SolutionConfigurationPlatforms) = preSolution
		Debug|Any CPU = Debug|Any CPU
		Debug|x64 = Debug|x64
		Debug|x86 = Debug|x86
		Release|Any CPU = Release|Any CPU
		Release|x64 = Release|x64
		Release|x86 = Release|x86
	EndGlobalSection
	GlobalSection(SolutionProperties) = preSolution
		HideSolutionNode = FALSE
	EndGlobalSection
	GlobalSection(ProjectConfigurationPlatforms) = postSolution
		{ACD198D5-0485-4D42-ADCD-C5E03B12819C}.Debug|Any CPU.ActiveCfg = Debug|Any CPU
		{ACD198D5-0485-4D42-ADCD-C5E03B12819C}.Debug|Any CPU.Build.0 = Debug|Any CPU
		{ACD198D5-0485-4D42-ADCD-C5E03B12819C}.Debug|x64.ActiveCfg = Debug|Any CPU
		{ACD198D5-0485-4D42-ADCD-C5E03B12819C}.Debug|x64.Build.0 = Debug|Any CPU
		{ACD198D5-0485-4D42-ADCD-C5E03B12819C}.Debug|x86.ActiveCfg = Debug|Any CPU
		{ACD198D5-0485-4D42-ADCD-C5E03B12819C}.Debug|x86.Build.0 = Debug|Any CPU
		{ACD198D5-0485-4D42-ADCD-C5E03B12819C}.Release|Any CPU.ActiveCfg = Release|Any CPU
		{ACD198D5-0485-4D42-ADCD-C5E03B12819C}.Release|Any CPU.Build.0 = Release|Any CPU
		{ACD198D5-0485-4D42-ADCD-C5E03B12819C}.Release|x64.ActiveCfg = Release|Any CPU
		{ACD198D5-0485-4D42-ADCD-C5E03B12819C}.Release|x64.Build.0 = Release|Any CPU
		{ACD198D5-0485-4D42-ADCD-C5E03B12819C}.Release|x86.ActiveCfg = Release|Any CPU
		{ACD198D5-0485-4D42-ADCD-C5E03B12819C}.Release|x86.Build.0 = Release|Any CPU
		{96B1D076-403F-47B8-B429-C4EB5844CB68}.Debug|Any CPU.ActiveCfg = Debug|Any CPU
		{96B1D076-403F-47B8-B429-C4EB5844CB68}.Debug|Any CPU.Build.0 = Debug|Any CPU
		{96B1D076-403F-47B8-B429-C4EB5844CB68}.Debug|x64.ActiveCfg = Debug|Any CPU
		{96B1D076-403F-47B8-B429-C4EB5844CB68}.Debug|x64.Build.0 = Debug|Any CPU
		{96B1D076-403F-47B8-B429-C4EB5844CB68}.Debug|x86.ActiveCfg = Debug|Any CPU
		{96B1D076-403F-47B8-B429-C4EB5844CB68}.Debug|x86.Build.0 = Debug|Any CPU
		{96B1D076-403F-47B8-B429-C4EB5844CB68}.Release|Any CPU.ActiveCfg = Release|Any CPU
		{96B1D076-403F-47B8-B429-C4EB5844CB68}.Release|Any CPU.Build.0 = Release|Any CPU
		{96B1D076-403F-47B8-B429-C4EB5844CB68}.Release|x64.ActiveCfg = Release|Any CPU
		{96B1D076-403F-47B8-B429-C4EB5844CB68}.Release|x64.Build.0 = Release|Any CPU
		{96B1D076-403F-47B8-B429-C4EB5844CB68}.Release|x86.ActiveCfg = Release|Any CPU
		{96B1D076-403F-47B8-B429-C4EB5844CB68}.Release|x86.Build.0 = Release|Any CPU
		{FD0CC6E4-1F3C-4C4A-905C-4084031FD72C}.Debug|Any CPU.ActiveCfg = Debug|Any CPU
		{FD0CC6E4-1F3C-4C4A-905C-4084031FD72C}.Debug|Any CPU.Build.0 = Debug|Any CPU
		{FD0CC6E4-1F3C-4C4A-905C-4084031FD72C}.Debug|x64.ActiveCfg = Debug|Any CPU
		{FD0CC6E4-1F3C-4C4A-905C-4084031FD72C}.Debug|x64.Build.0 = Debug|Any CPU
		{FD0CC6E4-1F3C-4C4A-905C-4084031FD72C}.Debug|x86.ActiveCfg = Debug|Any CPU
		{FD0CC6E4-1F3C-4C4A-905C-4084031FD72C}.Debug|x86.Build.0 = Debug|Any CPU
		{FD0CC6E4-1F3C-4C4A-905C-4084031FD72C}.Release|Any CPU.ActiveCfg = Release|Any CPU
		{FD0CC6E4-1F3C-4C4A-905C-4084031FD72C}.Release|Any CPU.Build.0 = Release|Any CPU
		{FD0CC6E4-1F3C-4C4A-905C-4084031FD72C}.Release|x64.ActiveCfg = Release|Any CPU
		{FD0CC6E4-1F3C-4C4A-905C-4084031FD72C}.Release|x64.Build.0 = Release|Any CPU
		{FD0CC6E4-1F3C-4C4A-905C-4084031FD72C}.Release|x86.ActiveCfg = Release|Any CPU
		{FD0CC6E4-1F3C-4C4A-905C-4084031FD72C}.Release|x86.Build.0 = Release|Any CPU
	EndGlobalSection
EndGlobal
